
Microsoft Visual Studio Solution File, Format Version 12.00
# Visual Studio Version 16
VisualStudioVersion = 16.0.28917.181
MinimumVisualStudioVersion = 10.0.40219.1
Project("{9A19103F-16F7-4668-BE54-9A1E7A4F7556}") = "ngCore", "ngCore\ngCore.csproj", "{044793B2-2CDD-413D-A953-AE3E273B0DDF}"
EndProject
Project("{9A19103F-16F7-4668-BE54-9A1E7A4F7556}") = "CoreWeb", "CoreWeb\CoreWeb.csproj", "{D9E4B69B-3300-4E00-8BB5-2710C9F462DA}"
EndProject
Project("{9A19103F-16F7-4668-BE54-9A1E7A4F7556}") = "QuartzSceduler", "QuartzSceduler\QuartzSceduler.csproj", "{107221DC-B9AB-4FC8-A155-772A4B718EA5}"
EndProject
Project("{FAE04EC0-301F-11D3-BF4B-00C04F79EFBC}") = "mysql.EF", "mysql.EF\mysql.EF.csproj", "{FD0BB448-C8B6-4F8B-8C20-4418AC19C726}"
EndProject
Global
	GlobalSection(SolutionConfigurationPlatforms) = preSolution
		Debug|Any CPU = Debug|Any CPU
		Release|Any CPU = Release|Any CPU
	EndGlobalSection
	GlobalSection(ProjectConfigurationPlatforms) = postSolution
		{044793B2-2CDD-413D-A953-AE3E273B0DDF}.Debug|Any CPU.ActiveCfg = Debug|Any CPU
		{044793B2-2CDD-413D-A953-AE3E273B0DDF}.Debug|Any CPU.Build.0 = Debug|Any CPU
		{044793B2-2CDD-413D-A953-AE3E273B0DDF}.Release|Any CPU.ActiveCfg = Release|Any CPU
		{044793B2-2CDD-413D-A953-AE3E273B0DDF}.Release|Any CPU.Build.0 = Release|Any CPU
		{D9E4B69B-3300-4E00-8BB5-2710C9F462DA}.Debug|Any CPU.ActiveCfg = Debug|Any CPU
		{D9E4B69B-3300-4E00-8BB5-2710C9F462DA}.Debug|Any CPU.Build.0 = Debug|Any CPU
		{D9E4B69B-3300-4E00-8BB5-2710C9F462DA}.Release|Any CPU.ActiveCfg = Release|Any CPU
		{D9E4B69B-3300-4E00-8BB5-2710C9F462DA}.Release|Any CPU.Build.0 = Release|Any CPU
		{107221DC-B9AB-4FC8-A155-772A4B718EA5}.Debug|Any CPU.ActiveCfg = Debug|Any CPU
		{107221DC-B9AB-4FC8-A155-772A4B718EA5}.Debug|Any CPU.Build.0 = Debug|Any CPU
		{107221DC-B9AB-4FC8-A155-772A4B718EA5}.Release|Any CPU.ActiveCfg = Release|Any CPU
		{107221DC-B9AB-4FC8-A155-772A4B718EA5}.Release|Any CPU.Build.0 = Release|Any CPU
		{FD0BB448-C8B6-4F8B-8C20-4418AC19C726}.Debug|Any CPU.ActiveCfg = Debug|Any CPU
		{FD0BB448-C8B6-4F8B-8C20-4418AC19C726}.Debug|Any CPU.Build.0 = Debug|Any CPU
		{FD0BB448-C8B6-4F8B-8C20-4418AC19C726}.Release|Any CPU.ActiveCfg = Release|Any CPU
		{FD0BB448-C8B6-4F8B-8C20-4418AC19C726}.Release|Any CPU.Build.0 = Release|Any CPU
	EndGlobalSection
	GlobalSection(SolutionProperties) = preSolution
		HideSolutionNode = FALSE
	EndGlobalSection
	GlobalSection(ExtensibilityGlobals) = postSolution
		SolutionGuid = {6B7A9211-61A1-439B-AB36-4F25A639BE8F}
	EndGlobalSection
EndGlobal
